
Microsoft Visual Studio Solution File, Format Version 12.00
# Visual Studio Version 16
VisualStudioVersion = 16.0.31019.35
MinimumVisualStudioVersion = 10.0.40219.1
Project("{FAE04EC0-301F-11D3-BF4B-00C04F79EFBC}") = "KolkoKrzyzyk", "KolkoKrzyzyk\KolkoKrzyzyk.csproj", "{B9991F4B-A348-4CD8-BD16-1B64158DF5BA}"
EndProject
Global
	GlobalSection(SolutionConfigurationPlatforms) = preSolution
		Debug|Any CPU = Debug|Any CPU
		Release|Any CPU = Release|Any CPU
	EndGlobalSection
	GlobalSection(ProjectConfigurationPlatforms) = postSolution
		{B9991F4B-A348-4CD8-BD16-1B64158DF5BA}.Debug|Any CPU.ActiveCfg = Debug|Any CPU
		{B9991F4B-A348-4CD8-BD16-1B64158DF5BA}.Debug|Any CPU.Build.0 = Debug|Any CPU
		{B9991F4B-A348-4CD8-BD16-1B64158DF5BA}.Release|Any CPU.ActiveCfg = Release|Any CPU
		{B9991F4B-A348-4CD8-BD16-1B64158DF5BA}.Release|Any CPU.Build.0 = Release|Any CPU
	EndGlobalSection
	GlobalSection(SolutionProperties) = preSolution
		HideSolutionNode = FALSE
	EndGlobalSection
	GlobalSection(ExtensibilityGlobals) = postSolution
		SolutionGuid = {770AC10E-ABE8-4D72-9781-217BF03CE70A}
	EndGlobalSection
EndGlobal
